{
  "name": "example",
  "version": "1.0.0",
  "lockfileVersion": 3,
  "requires": true,
  "packages": {
    "": {
      "name": "example",
      "version": "1.0.0",
      "license": "ISC",
      "dependencies": {
        "ngx-edu-sharing-rendering-web-component": "0.0.9"
      }
    },
    "node_modules/ngx-edu-sharing-rendering-web-component": {
      "version": "0.0.9",
      "resolved": "https://registry.npmjs.org/ngx-edu-sharing-rendering-web-component/-/ngx-edu-sharing-rendering-web-component-0.0.9.tgz",
      "integrity": "sha512-vVijiMzgINpgvqouiMVYsWG2DlRRkdEshEBvnygIJMrrbDkzlaS3gbjaJXdzga1Aoc+MSqb2s8EqohWcPrUuKg=="
    }
  }
}
