{
  "name": "example",
  "version": "1.0.0",
  "lockfileVersion": 3,
  "requires": true,
  "packages": {
    "": {
      "name": "example",
      "version": "1.0.0",
      "license": "ISC",
      "dependencies": {
        "ngx-edu-sharing-rendering-web-component": "0.0.15"
      }
    },
    "node_modules/ngx-edu-sharing-rendering-web-component": {
      "version": "0.0.15",
      "resolved": "https://registry.npmjs.org/ngx-edu-sharing-rendering-web-component/-/ngx-edu-sharing-rendering-web-component-0.0.15.tgz",
      "integrity": "sha512-ike7h3ZnNSx0dV7FIoPLZc44lteXwMP6ghPLrnq0NfLNMUpzF4K72AKjYSRZEr3uy6TC1o4PrKhqwWe3PjCmyg=="
    }
  }
}
