{
  "name": "example",
  "version": "1.0.0",
  "lockfileVersion": 3,
  "requires": true,
  "packages": {
    "": {
      "name": "example",
      "version": "1.0.0",
      "license": "ISC",
      "dependencies": {
        "ngx-edu-sharing-rendering-web-component": "0.0.8"
      }
    },
    "node_modules/ngx-edu-sharing-rendering-web-component": {
      "version": "0.0.8",
      "resolved": "https://registry.npmjs.org/ngx-edu-sharing-rendering-web-component/-/ngx-edu-sharing-rendering-web-component-0.0.8.tgz",
      "integrity": "sha512-/z6VqV9y/37pgZyRicoxJSQQmHPTTQAj/j63lBBpMQYB9pVJiS4BuwXEcqiyunxVeZbEIW+2SEQdw/BI5zNU/g=="
    }
  }
}
